
Microsoft Visual Studio Solution File, Format Version 12.00
# Visual Studio 15
VisualStudioVersion = 15.0.28010.0
MinimumVisualStudioVersion = 10.0.40219.1
Project("{FAE04EC0-301F-11D3-BF4B-00C04F79EFBC}") = "OpenTKTest", "OpenTKTest\OpenTKTest.csproj", "{0C7E62AC-70C7-436A-944F-F8C9817E3EBF}"
EndProject
Project("{FAE04EC0-301F-11D3-BF4B-00C04F79EFBC}") = "BlueberryCore", "BlueberryCore\BlueberryCore.csproj", "{A2E18754-8AE6-460E-9315-EEB647EE102C}"
EndProject
Project("{D954291E-2A0B-460D-934E-DC6B0785DB48}") = "Blueberry", "Blueberry\Blueberry.shproj", "{6981B2F8-6992-4716-A2BF-C653E8C49585}"
EndProject
Project("{FAE04EC0-301F-11D3-BF4B-00C04F79EFBC}") = "Blueberry.Monogame", "BlueberryMonogame\Blueberry.Monogame.csproj", "{EA4545D6-86F4-44AD-B31D-552F3D83B15A}"
EndProject
Project("{FAE04EC0-301F-11D3-BF4B-00C04F79EFBC}") = "Blueberry.OpenGL", "BlueberryOpenTK\Blueberry.OpenGL.csproj", "{9F866F25-E007-41F3-B99C-F99ABA151E83}"
EndProject
Project("{D954291E-2A0B-460D-934E-DC6B0785DB48}") = "BlueberryTexturePackerCore", "BlueberryTexturePackerCore\BlueberryTexturePackerCore.shproj", "{DFAF3083-2846-4F4C-96E6-721480B80592}"
EndProject
Project("{FAE04EC0-301F-11D3-BF4B-00C04F79EFBC}") = "BlueberryTexturePackerOpenTK", "BlueberryTexturePackerOpenTK\BlueberryTexturePackerOpenTK.csproj", "{19AECFCD-E8C4-435D-9EEF-1D233E32F0F6}"
EndProject
Project("{FAE04EC0-301F-11D3-BF4B-00C04F79EFBC}") = "MonogameTest", "MonogameTest\MonogameTest.csproj", "{FC8430ED-CBBC-4E83-8616-928E8A93CDB9}"
EndProject
Global
	GlobalSection(SharedMSBuildProjectFiles) = preSolution
		BlueberryTexturePackerCore\BlueberryTexturePackerCore.projitems*{19aecfcd-e8c4-435d-9eef-1d233e32f0f6}*SharedItemsImports = 4
		Blueberry\Blueberry.projitems*{6981b2f8-6992-4716-a2bf-c653e8c49585}*SharedItemsImports = 13
		Blueberry\Blueberry.projitems*{9f866f25-e007-41f3-b99c-f99aba151e83}*SharedItemsImports = 4
		BlueberryTexturePackerCore\BlueberryTexturePackerCore.projitems*{dfaf3083-2846-4f4c-96e6-721480b80592}*SharedItemsImports = 13
		Blueberry\Blueberry.projitems*{ea4545d6-86f4-44ad-b31d-552f3d83b15a}*SharedItemsImports = 4
	EndGlobalSection
	GlobalSection(SolutionConfigurationPlatforms) = preSolution
		Ad-Hoc|Any CPU = Ad-Hoc|Any CPU
		Ad-Hoc|ARM = Ad-Hoc|ARM
		Ad-Hoc|iPhone = Ad-Hoc|iPhone
		Ad-Hoc|iPhoneSimulator = Ad-Hoc|iPhoneSimulator
		Ad-Hoc|Win32 = Ad-Hoc|Win32
		Ad-Hoc|x64 = Ad-Hoc|x64
		Ad-Hoc|x86 = Ad-Hoc|x86
		AppStore|Any CPU = AppStore|Any CPU
		AppStore|ARM = AppStore|ARM
		AppStore|iPhone = AppStore|iPhone
		AppStore|iPhoneSimulator = AppStore|iPhoneSimulator
		AppStore|Win32 = AppStore|Win32
		AppStore|x64 = AppStore|x64
		AppStore|x86 = AppStore|x86
		Debug|Any CPU = Debug|Any CPU
		Debug|ARM = Debug|ARM
		Debug|iPhone = Debug|iPhone
		Debug|iPhoneSimulator = Debug|iPhoneSimulator
		Debug|Win32 = Debug|Win32
		Debug|x64 = Debug|x64
		Debug|x86 = Debug|x86
		MinSizeRel|Any CPU = MinSizeRel|Any CPU
		MinSizeRel|ARM = MinSizeRel|ARM
		MinSizeRel|iPhone = MinSizeRel|iPhone
		MinSizeRel|iPhoneSimulator = MinSizeRel|iPhoneSimulator
		MinSizeRel|Win32 = MinSizeRel|Win32
		MinSizeRel|x64 = MinSizeRel|x64
		MinSizeRel|x86 = MinSizeRel|x86
		Release|Any CPU = Release|Any CPU
		Release|ARM = Release|ARM
		Release|iPhone = Release|iPhone
		Release|iPhoneSimulator = Release|iPhoneSimulator
		Release|Win32 = Release|Win32
		Release|x64 = Release|x64
		Release|x86 = Release|x86
		RelWithDebInfo|Any CPU = RelWithDebInfo|Any CPU
		RelWithDebInfo|ARM = RelWithDebInfo|ARM
		RelWithDebInfo|iPhone = RelWithDebInfo|iPhone
		RelWithDebInfo|iPhoneSimulator = RelWithDebInfo|iPhoneSimulator
		RelWithDebInfo|Win32 = RelWithDebInfo|Win32
		RelWithDebInfo|x64 = RelWithDebInfo|x64
		RelWithDebInfo|x86 = RelWithDebInfo|x86
	EndGlobalSection
	GlobalSection(ProjectConfigurationPlatforms) = postSolution
		{0C7E62AC-70C7-436A-944F-F8C9817E3EBF}.Ad-Hoc|Any CPU.ActiveCfg = Release|Any CPU
		{0C7E62AC-70C7-436A-944F-F8C9817E3EBF}.Ad-Hoc|Any CPU.Build.0 = Release|Any CPU
		{0C7E62AC-70C7-436A-944F-F8C9817E3EBF}.Ad-Hoc|ARM.ActiveCfg = Release|Any CPU
		{0C7E62AC-70C7-436A-944F-F8C9817E3EBF}.Ad-Hoc|ARM.Build.0 = Release|Any CPU
		{0C7E62AC-70C7-436A-944F-F8C9817E3EBF}.Ad-Hoc|iPhone.ActiveCfg = Release|Any CPU
		{0C7E62AC-70C7-436A-944F-F8C9817E3EBF}.Ad-Hoc|iPhone.Build.0 = Release|Any CPU
		{0C7E62AC-70C7-436A-944F-F8C9817E3EBF}.Ad-Hoc|iPhoneSimulator.ActiveCfg = Release|Any CPU
		{0C7E62AC-70C7-436A-944F-F8C9817E3EBF}.Ad-Hoc|iPhoneSimulator.Build.0 = Release|Any CPU
		{0C7E62AC-70C7-436A-944F-F8C9817E3EBF}.Ad-Hoc|Win32.ActiveCfg = Release|Any CPU
		{0C7E62AC-70C7-436A-944F-F8C9817E3EBF}.Ad-Hoc|Win32.Build.0 = Release|Any CPU
		{0C7E62AC-70C7-436A-944F-F8C9817E3EBF}.Ad-Hoc|x64.ActiveCfg = Release|Any CPU
		{0C7E62AC-70C7-436A-944F-F8C9817E3EBF}.Ad-Hoc|x64.Build.0 = Release|Any CPU
		{0C7E62AC-70C7-436A-944F-F8C9817E3EBF}.Ad-Hoc|x86.ActiveCfg = Release|Any CPU
		{0C7E62AC-70C7-436A-944F-F8C9817E3EBF}.Ad-Hoc|x86.Build.0 = Release|Any CPU
		{0C7E62AC-70C7-436A-944F-F8C9817E3EBF}.AppStore|Any CPU.ActiveCfg = Release|Any CPU
		{0C7E62AC-70C7-436A-944F-F8C9817E3EBF}.AppStore|Any CPU.Build.0 = Release|Any CPU
		{0C7E62AC-70C7-436A-944F-F8C9817E3EBF}.AppStore|ARM.ActiveCfg = Release|Any CPU
		{0C7E62AC-70C7-436A-944F-F8C9817E3EBF}.AppStore|ARM.Build.0 = Release|Any CPU
		{0C7E62AC-70C7-436A-944F-F8C9817E3EBF}.AppStore|iPhone.ActiveCfg = Release|Any CPU
		{0C7E62AC-70C7-436A-944F-F8C9817E3EBF}.AppStore|iPhone.Build.0 = Release|Any CPU
		{0C7E62AC-70C7-436A-944F-F8C9817E3EBF}.AppStore|iPhoneSimulator.ActiveCfg = Release|Any CPU
		{0C7E62AC-70C7-436A-944F-F8C9817E3EBF}.AppStore|iPhoneSimulator.Build.0 = Release|Any CPU
		{0C7E62AC-70C7-436A-944F-F8C9817E3EBF}.AppStore|Win32.ActiveCfg = Release|Any CPU
		{0C7E62AC-70C7-436A-944F-F8C9817E3EBF}.AppStore|Win32.Build.0 = Release|Any CPU
		{0C7E62AC-70C7-436A-944F-F8C9817E3EBF}.AppStore|x64.ActiveCfg = Release|Any CPU
		{0C7E62AC-70C7-436A-944F-F8C9817E3EBF}.AppStore|x64.Build.0 = Release|Any CPU
		{0C7E62AC-70C7-436A-944F-F8C9817E3EBF}.AppStore|x86.ActiveCfg = Release|Any CPU
		{0C7E62AC-70C7-436A-944F-F8C9817E3EBF}.AppStore|x86.Build.0 = Release|Any CPU
		{0C7E62AC-70C7-436A-944F-F8C9817E3EBF}.Debug|Any CPU.ActiveCfg = Debug|Any CPU
		{0C7E62AC-70C7-436A-944F-F8C9817E3EBF}.Debug|Any CPU.Build.0 = Debug|Any CPU
		{0C7E62AC-70C7-436A-944F-F8C9817E3EBF}.Debug|ARM.ActiveCfg = Debug|Any CPU
		{0C7E62AC-70C7-436A-944F-F8C9817E3EBF}.Debug|ARM.Build.0 = Debug|Any CPU
		{0C7E62AC-70C7-436A-944F-F8C9817E3EBF}.Debug|iPhone.ActiveCfg = Debug|Any CPU
		{0C7E62AC-70C7-436A-944F-F8C9817E3EBF}.Debug|iPhone.Build.0 = Debug|Any CPU
		{0C7E62AC-70C7-436A-944F-F8C9817E3EBF}.Debug|iPhoneSimulator.ActiveCfg = Debug|Any CPU
		{0C7E62AC-70C7-436A-944F-F8C9817E3EBF}.Debug|iPhoneSimulator.Build.0 = Debug|Any CPU
		{0C7E62AC-70C7-436A-944F-F8C9817E3EBF}.Debug|Win32.ActiveCfg = Debug|Any CPU
		{0C7E62AC-70C7-436A-944F-F8C9817E3EBF}.Debug|Win32.Build.0 = Debug|Any CPU
		{0C7E62AC-70C7-436A-944F-F8C9817E3EBF}.Debug|x64.ActiveCfg = Debug|Any CPU
		{0C7E62AC-70C7-436A-944F-F8C9817E3EBF}.Debug|x64.Build.0 = Debug|Any CPU
		{0C7E62AC-70C7-436A-944F-F8C9817E3EBF}.Debug|x86.ActiveCfg = Debug|Any CPU
		{0C7E62AC-70C7-436A-944F-F8C9817E3EBF}.Debug|x86.Build.0 = Debug|Any CPU
		{0C7E62AC-70C7-436A-944F-F8C9817E3EBF}.MinSizeRel|Any CPU.ActiveCfg = Release|Any CPU
		{0C7E62AC-70C7-436A-944F-F8C9817E3EBF}.MinSizeRel|Any CPU.Build.0 = Release|Any CPU
		{0C7E62AC-70C7-436A-944F-F8C9817E3EBF}.MinSizeRel|ARM.ActiveCfg = Release|Any CPU
		{0C7E62AC-70C7-436A-944F-F8C9817E3EBF}.MinSizeRel|ARM.Build.0 = Release|Any CPU
		{0C7E62AC-70C7-436A-944F-F8C9817E3EBF}.MinSizeRel|iPhone.ActiveCfg = Release|Any CPU
		{0C7E62AC-70C7-436A-944F-F8C9817E3EBF}.MinSizeRel|iPhone.Build.0 = Release|Any CPU
		{0C7E62AC-70C7-436A-944F-F8C9817E3EBF}.MinSizeRel|iPhoneSimulator.ActiveCfg = Release|Any CPU
		{0C7E62AC-70C7-436A-944F-F8C9817E3EBF}.MinSizeRel|iPhoneSimulator.Build.0 = Release|Any CPU
		{0C7E62AC-70C7-436A-944F-F8C9817E3EBF}.MinSizeRel|Win32.ActiveCfg = Release|Any CPU
		{0C7E62AC-70C7-436A-944F-F8C9817E3EBF}.MinSizeRel|Win32.Build.0 = Release|Any CPU
		{0C7E62AC-70C7-436A-944F-F8C9817E3EBF}.MinSizeRel|x64.ActiveCfg = Release|Any CPU
		{0C7E62AC-70C7-436A-944F-F8C9817E3EBF}.MinSizeRel|x64.Build.0 = Release|Any CPU
		{0C7E62AC-70C7-436A-944F-F8C9817E3EBF}.MinSizeRel|x86.ActiveCfg = Release|Any CPU
		{0C7E62AC-70C7-436A-944F-F8C9817E3EBF}.MinSizeRel|x86.Build.0 = Release|Any CPU
		{0C7E62AC-70C7-436A-944F-F8C9817E3EBF}.Release|Any CPU.ActiveCfg = Release|Any CPU
		{0C7E62AC-70C7-436A-944F-F8C9817E3EBF}.Release|Any CPU.Build.0 = Release|Any CPU
		{0C7E62AC-70C7-436A-944F-F8C9817E3EBF}.Release|ARM.ActiveCfg = Release|Any CPU
		{0C7E62AC-70C7-436A-944F-F8C9817E3EBF}.Release|ARM.Build.0 = Release|Any CPU
		{0C7E62AC-70C7-436A-944F-F8C9817E3EBF}.Release|iPhone.ActiveCfg = Release|Any CPU
		{0C7E62AC-70C7-436A-944F-F8C9817E3EBF}.Release|iPhone.Build.0 = Release|Any CPU
		{0C7E62AC-70C7-436A-944F-F8C9817E3EBF}.Release|iPhoneSimulator.ActiveCfg = Release|Any CPU
		{0C7E62AC-70C7-436A-944F-F8C9817E3EBF}.Release|iPhoneSimulator.Build.0 = Release|Any CPU
		{0C7E62AC-70C7-436A-944F-F8C9817E3EBF}.Release|Win32.ActiveCfg = Release|Any CPU
		{0C7E62AC-70C7-436A-944F-F8C9817E3EBF}.Release|Win32.Build.0 = Release|Any CPU
		{0C7E62AC-70C7-436A-944F-F8C9817E3EBF}.Release|x64.ActiveCfg = Release|Any CPU
		{0C7E62AC-70C7-436A-944F-F8C9817E3EBF}.Release|x64.Build.0 = Release|Any CPU
		{0C7E62AC-70C7-436A-944F-F8C9817E3EBF}.Release|x86.ActiveCfg = Release|Any CPU
		{0C7E62AC-70C7-436A-944F-F8C9817E3EBF}.Release|x86.Build.0 = Release|Any CPU
		{0C7E62AC-70C7-436A-944F-F8C9817E3EBF}.RelWithDebInfo|Any CPU.ActiveCfg = Release|Any CPU
		{0C7E62AC-70C7-436A-944F-F8C9817E3EBF}.RelWithDebInfo|Any CPU.Build.0 = Release|Any CPU
		{0C7E62AC-70C7-436A-944F-F8C9817E3EBF}.RelWithDebInfo|ARM.ActiveCfg = Release|Any CPU
		{0C7E62AC-70C7-436A-944F-F8C9817E3EBF}.RelWithDebInfo|ARM.Build.0 = Release|Any CPU
		{0C7E62AC-70C7-436A-944F-F8C9817E3EBF}.RelWithDebInfo|iPhone.ActiveCfg = Release|Any CPU
		{0C7E62AC-70C7-436A-944F-F8C9817E3EBF}.RelWithDebInfo|iPhone.Build.0 = Release|Any CPU
		{0C7E62AC-70C7-436A-944F-F8C9817E3EBF}.RelWithDebInfo|iPhoneSimulator.ActiveCfg = Release|Any CPU
		{0C7E62AC-70C7-436A-944F-F8C9817E3EBF}.RelWithDebInfo|iPhoneSimulator.Build.0 = Release|Any CPU
		{0C7E62AC-70C7-436A-944F-F8C9817E3EBF}.RelWithDebInfo|Win32.ActiveCfg = Release|Any CPU
		{0C7E62AC-70C7-436A-944F-F8C9817E3EBF}.RelWithDebInfo|Win32.Build.0 = Release|Any CPU
		{0C7E62AC-70C7-436A-944F-F8C9817E3EBF}.RelWithDebInfo|x64.ActiveCfg = Release|Any CPU
		{0C7E62AC-70C7-436A-944F-F8C9817E3EBF}.RelWithDebInfo|x64.Build.0 = Release|Any CPU
		{0C7E62AC-70C7-436A-944F-F8C9817E3EBF}.RelWithDebInfo|x86.ActiveCfg = Release|Any CPU
		{0C7E62AC-70C7-436A-944F-F8C9817E3EBF}.RelWithDebInfo|x86.Build.0 = Release|Any CPU
		{A2E18754-8AE6-460E-9315-EEB647EE102C}.Ad-Hoc|Any CPU.ActiveCfg = Release|Any CPU
		{A2E18754-8AE6-460E-9315-EEB647EE102C}.Ad-Hoc|Any CPU.Build.0 = Release|Any CPU
		{A2E18754-8AE6-460E-9315-EEB647EE102C}.Ad-Hoc|ARM.ActiveCfg = Release|Any CPU
		{A2E18754-8AE6-460E-9315-EEB647EE102C}.Ad-Hoc|ARM.Build.0 = Release|Any CPU
		{A2E18754-8AE6-460E-9315-EEB647EE102C}.Ad-Hoc|iPhone.ActiveCfg = Release|Any CPU
		{A2E18754-8AE6-460E-9315-EEB647EE102C}.Ad-Hoc|iPhone.Build.0 = Release|Any CPU
		{A2E18754-8AE6-460E-9315-EEB647EE102C}.Ad-Hoc|iPhoneSimulator.ActiveCfg = Release|Any CPU
		{A2E18754-8AE6-460E-9315-EEB647EE102C}.Ad-Hoc|iPhoneSimulator.Build.0 = Release|Any CPU
		{A2E18754-8AE6-460E-9315-EEB647EE102C}.Ad-Hoc|Win32.ActiveCfg = Release|x86
		{A2E18754-8AE6-460E-9315-EEB647EE102C}.Ad-Hoc|Win32.Build.0 = Release|x86
		{A2E18754-8AE6-460E-9315-EEB647EE102C}.Ad-Hoc|x64.ActiveCfg = Release|x64
		{A2E18754-8AE6-460E-9315-EEB647EE102C}.Ad-Hoc|x64.Build.0 = Release|x64
		{A2E18754-8AE6-460E-9315-EEB647EE102C}.Ad-Hoc|x86.ActiveCfg = Release|x86
		{A2E18754-8AE6-460E-9315-EEB647EE102C}.Ad-Hoc|x86.Build.0 = Release|x86
		{A2E18754-8AE6-460E-9315-EEB647EE102C}.AppStore|Any CPU.ActiveCfg = Release|Any CPU
		{A2E18754-8AE6-460E-9315-EEB647EE102C}.AppStore|Any CPU.Build.0 = Release|Any CPU
		{A2E18754-8AE6-460E-9315-EEB647EE102C}.AppStore|ARM.ActiveCfg = Release|Any CPU
		{A2E18754-8AE6-460E-9315-EEB647EE102C}.AppStore|ARM.Build.0 = Release|Any CPU
		{A2E18754-8AE6-460E-9315-EEB647EE102C}.AppStore|iPhone.ActiveCfg = Release|Any CPU
		{A2E18754-8AE6-460E-9315-EEB647EE102C}.AppStore|iPhone.Build.0 = Release|Any CPU
		{A2E18754-8AE6-460E-9315-EEB647EE102C}.AppStore|iPhoneSimulator.ActiveCfg = Release|Any CPU
		{A2E18754-8AE6-460E-9315-EEB647EE102C}.AppStore|iPhoneSimulator.Build.0 = Release|Any CPU
		{A2E18754-8AE6-460E-9315-EEB647EE102C}.AppStore|Win32.ActiveCfg = Release|x86
		{A2E18754-8AE6-460E-9315-EEB647EE102C}.AppStore|Win32.Build.0 = Release|x86
		{A2E18754-8AE6-460E-9315-EEB647EE102C}.AppStore|x64.ActiveCfg = Release|x64
		{A2E18754-8AE6-460E-9315-EEB647EE102C}.AppStore|x64.Build.0 = Release|x64
		{A2E18754-8AE6-460E-9315-EEB647EE102C}.AppStore|x86.ActiveCfg = Release|x86
		{A2E18754-8AE6-460E-9315-EEB647EE102C}.AppStore|x86.Build.0 = Release|x86
		{A2E18754-8AE6-460E-9315-EEB647EE102C}.Debug|Any CPU.ActiveCfg = Debug|Any CPU
		{A2E18754-8AE6-460E-9315-EEB647EE102C}.Debug|Any CPU.Build.0 = Debug|Any CPU
		{A2E18754-8AE6-460E-9315-EEB647EE102C}.Debug|ARM.ActiveCfg = Debug|Any CPU
		{A2E18754-8AE6-460E-9315-EEB647EE102C}.Debug|ARM.Build.0 = Debug|Any CPU
		{A2E18754-8AE6-460E-9315-EEB647EE102C}.Debug|iPhone.ActiveCfg = Debug|Any CPU
		{A2E18754-8AE6-460E-9315-EEB647EE102C}.Debug|iPhone.Build.0 = Debug|Any CPU
		{A2E18754-8AE6-460E-9315-EEB647EE102C}.Debug|iPhoneSimulator.ActiveCfg = Debug|Any CPU
		{A2E18754-8AE6-460E-9315-EEB647EE102C}.Debug|iPhoneSimulator.Build.0 = Debug|Any CPU
		{A2E18754-8AE6-460E-9315-EEB647EE102C}.Debug|Win32.ActiveCfg = Debug|x86
		{A2E18754-8AE6-460E-9315-EEB647EE102C}.Debug|Win32.Build.0 = Debug|x86
		{A2E18754-8AE6-460E-9315-EEB647EE102C}.Debug|x64.ActiveCfg = Debug|x64
		{A2E18754-8AE6-460E-9315-EEB647EE102C}.Debug|x64.Build.0 = Debug|x64
		{A2E18754-8AE6-460E-9315-EEB647EE102C}.Debug|x86.ActiveCfg = Debug|x86
		{A2E18754-8AE6-460E-9315-EEB647EE102C}.Debug|x86.Build.0 = Debug|x86
		{A2E18754-8AE6-460E-9315-EEB647EE102C}.MinSizeRel|Any CPU.ActiveCfg = Release|Any CPU
		{A2E18754-8AE6-460E-9315-EEB647EE102C}.MinSizeRel|Any CPU.Build.0 = Release|Any CPU
		{A2E18754-8AE6-460E-9315-EEB647EE102C}.MinSizeRel|ARM.ActiveCfg = Release|Any CPU
		{A2E18754-8AE6-460E-9315-EEB647EE102C}.MinSizeRel|ARM.Build.0 = Release|Any CPU
		{A2E18754-8AE6-460E-9315-EEB647EE102C}.MinSizeRel|iPhone.ActiveCfg = Release|Any CPU
		{A2E18754-8AE6-460E-9315-EEB647EE102C}.MinSizeRel|iPhone.Build.0 = Release|Any CPU
		{A2E18754-8AE6-460E-9315-EEB647EE102C}.MinSizeRel|iPhoneSimulator.ActiveCfg = Release|Any CPU
		{A2E18754-8AE6-460E-9315-EEB647EE102C}.MinSizeRel|iPhoneSimulator.Build.0 = Release|Any CPU
		{A2E18754-8AE6-460E-9315-EEB647EE102C}.MinSizeRel|Win32.ActiveCfg = Release|x86
		{A2E18754-8AE6-460E-9315-EEB647EE102C}.MinSizeRel|Win32.Build.0 = Release|x86
		{A2E18754-8AE6-460E-9315-EEB647EE102C}.MinSizeRel|x64.ActiveCfg = Release|x64
		{A2E18754-8AE6-460E-9315-EEB647EE102C}.MinSizeRel|x64.Build.0 = Release|x64
		{A2E18754-8AE6-460E-9315-EEB647EE102C}.MinSizeRel|x86.ActiveCfg = Release|x86
		{A2E18754-8AE6-460E-9315-EEB647EE102C}.MinSizeRel|x86.Build.0 = Release|x86
		{A2E18754-8AE6-460E-9315-EEB647EE102C}.Release|Any CPU.ActiveCfg = Release|Any CPU
		{A2E18754-8AE6-460E-9315-EEB647EE102C}.Release|Any CPU.Build.0 = Release|Any CPU
		{A2E18754-8AE6-460E-9315-EEB647EE102C}.Release|ARM.ActiveCfg = Release|Any CPU
		{A2E18754-8AE6-460E-9315-EEB647EE102C}.Release|ARM.Build.0 = Release|Any CPU
		{A2E18754-8AE6-460E-9315-EEB647EE102C}.Release|iPhone.ActiveCfg = Release|Any CPU
		{A2E18754-8AE6-460E-9315-EEB647EE102C}.Release|iPhone.Build.0 = Release|Any CPU
		{A2E18754-8AE6-460E-9315-EEB647EE102C}.Release|iPhoneSimulator.ActiveCfg = Release|Any CPU
		{A2E18754-8AE6-460E-9315-EEB647EE102C}.Release|iPhoneSimulator.Build.0 = Release|Any CPU
		{A2E18754-8AE6-460E-9315-EEB647EE102C}.Release|Win32.ActiveCfg = Release|x86
		{A2E18754-8AE6-460E-9315-EEB647EE102C}.Release|Win32.Build.0 = Release|x86
		{A2E18754-8AE6-460E-9315-EEB647EE102C}.Release|x64.ActiveCfg = Release|x64
		{A2E18754-8AE6-460E-9315-EEB647EE102C}.Release|x64.Build.0 = Release|x64
		{A2E18754-8AE6-460E-9315-EEB647EE102C}.Release|x86.ActiveCfg = Release|x86
		{A2E18754-8AE6-460E-9315-EEB647EE102C}.Release|x86.Build.0 = Release|x86
		{A2E18754-8AE6-460E-9315-EEB647EE102C}.RelWithDebInfo|Any CPU.ActiveCfg = Release|Any CPU
		{A2E18754-8AE6-460E-9315-EEB647EE102C}.RelWithDebInfo|Any CPU.Build.0 = Release|Any CPU
		{A2E18754-8AE6-460E-9315-EEB647EE102C}.RelWithDebInfo|ARM.ActiveCfg = Release|Any CPU
		{A2E18754-8AE6-460E-9315-EEB647EE102C}.RelWithDebInfo|ARM.Build.0 = Release|Any CPU
		{A2E18754-8AE6-460E-9315-EEB647EE102C}.RelWithDebInfo|iPhone.ActiveCfg = Release|Any CPU
		{A2E18754-8AE6-460E-9315-EEB647EE102C}.RelWithDebInfo|iPhone.Build.0 = Release|Any CPU
		{A2E18754-8AE6-460E-9315-EEB647EE102C}.RelWithDebInfo|iPhoneSimulator.ActiveCfg = Release|Any CPU
		{A2E18754-8AE6-460E-9315-EEB647EE102C}.RelWithDebInfo|iPhoneSimulator.Build.0 = Release|Any CPU
		{A2E18754-8AE6-460E-9315-EEB647EE102C}.RelWithDebInfo|Win32.ActiveCfg = Release|x86
		{A2E18754-8AE6-460E-9315-EEB647EE102C}.RelWithDebInfo|Win32.Build.0 = Release|x86
		{A2E18754-8AE6-460E-9315-EEB647EE102C}.RelWithDebInfo|x64.ActiveCfg = Release|x64
		{A2E18754-8AE6-460E-9315-EEB647EE102C}.RelWithDebInfo|x64.Build.0 = Release|x64
		{A2E18754-8AE6-460E-9315-EEB647EE102C}.RelWithDebInfo|x86.ActiveCfg = Release|x86
		{A2E18754-8AE6-460E-9315-EEB647EE102C}.RelWithDebInfo|x86.Build.0 = Release|x86
		{EA4545D6-86F4-44AD-B31D-552F3D83B15A}.Ad-Hoc|Any CPU.ActiveCfg = Release|Any CPU
		{EA4545D6-86F4-44AD-B31D-552F3D83B15A}.Ad-Hoc|Any CPU.Build.0 = Release|Any CPU
		{EA4545D6-86F4-44AD-B31D-552F3D83B15A}.Ad-Hoc|ARM.ActiveCfg = Release|Any CPU
		{EA4545D6-86F4-44AD-B31D-552F3D83B15A}.Ad-Hoc|ARM.Build.0 = Release|Any CPU
		{EA4545D6-86F4-44AD-B31D-552F3D83B15A}.Ad-Hoc|iPhone.ActiveCfg = Release|Any CPU
		{EA4545D6-86F4-44AD-B31D-552F3D83B15A}.Ad-Hoc|iPhone.Build.0 = Release|Any CPU
		{EA4545D6-86F4-44AD-B31D-552F3D83B15A}.Ad-Hoc|iPhoneSimulator.ActiveCfg = Release|Any CPU
		{EA4545D6-86F4-44AD-B31D-552F3D83B15A}.Ad-Hoc|iPhoneSimulator.Build.0 = Release|Any CPU
		{EA4545D6-86F4-44AD-B31D-552F3D83B15A}.Ad-Hoc|Win32.ActiveCfg = Release|Any CPU
		{EA4545D6-86F4-44AD-B31D-552F3D83B15A}.Ad-Hoc|Win32.Build.0 = Release|Any CPU
		{EA4545D6-86F4-44AD-B31D-552F3D83B15A}.Ad-Hoc|x64.ActiveCfg = Release|Any CPU
		{EA4545D6-86F4-44AD-B31D-552F3D83B15A}.Ad-Hoc|x64.Build.0 = Release|Any CPU
		{EA4545D6-86F4-44AD-B31D-552F3D83B15A}.Ad-Hoc|x86.ActiveCfg = Release|Any CPU
		{EA4545D6-86F4-44AD-B31D-552F3D83B15A}.Ad-Hoc|x86.Build.0 = Release|Any CPU
		{EA4545D6-86F4-44AD-B31D-552F3D83B15A}.AppStore|Any CPU.ActiveCfg = Release|Any CPU
		{EA4545D6-86F4-44AD-B31D-552F3D83B15A}.AppStore|Any CPU.Build.0 = Release|Any CPU
		{EA4545D6-86F4-44AD-B31D-552F3D83B15A}.AppStore|ARM.ActiveCfg = Release|Any CPU
		{EA4545D6-86F4-44AD-B31D-552F3D83B15A}.AppStore|ARM.Build.0 = Release|Any CPU
		{EA4545D6-86F4-44AD-B31D-552F3D83B15A}.AppStore|iPhone.ActiveCfg = Release|Any CPU
		{EA4545D6-86F4-44AD-B31D-552F3D83B15A}.AppStore|iPhone.Build.0 = Release|Any CPU
		{EA4545D6-86F4-44AD-B31D-552F3D83B15A}.AppStore|iPhoneSimulator.ActiveCfg = Release|Any CPU
		{EA4545D6-86F4-44AD-B31D-552F3D83B15A}.AppStore|iPhoneSimulator.Build.0 = Release|Any CPU
		{EA4545D6-86F4-44AD-B31D-552F3D83B15A}.AppStore|Win32.ActiveCfg = Release|Any CPU
		{EA4545D6-86F4-44AD-B31D-552F3D83B15A}.AppStore|Win32.Build.0 = Release|Any CPU
		{EA4545D6-86F4-44AD-B31D-552F3D83B15A}.AppStore|x64.ActiveCfg = Release|Any CPU
		{EA4545D6-86F4-44AD-B31D-552F3D83B15A}.AppStore|x64.Build.0 = Release|Any CPU
		{EA4545D6-86F4-44AD-B31D-552F3D83B15A}.AppStore|x86.ActiveCfg = Release|Any CPU
		{EA4545D6-86F4-44AD-B31D-552F3D83B15A}.AppStore|x86.Build.0 = Release|Any CPU
		{EA4545D6-86F4-44AD-B31D-552F3D83B15A}.Debug|Any CPU.ActiveCfg = Debug|Any CPU
		{EA4545D6-86F4-44AD-B31D-552F3D83B15A}.Debug|Any CPU.Build.0 = Debug|Any CPU
		{EA4545D6-86F4-44AD-B31D-552F3D83B15A}.Debug|ARM.ActiveCfg = Debug|Any CPU
		{EA4545D6-86F4-44AD-B31D-552F3D83B15A}.Debug|ARM.Build.0 = Debug|Any CPU
		{EA4545D6-86F4-44AD-B31D-552F3D83B15A}.Debug|iPhone.ActiveCfg = Debug|Any CPU
		{EA4545D6-86F4-44AD-B31D-552F3D83B15A}.Debug|iPhone.Build.0 = Debug|Any CPU
		{EA4545D6-86F4-44AD-B31D-552F3D83B15A}.Debug|iPhoneSimulator.ActiveCfg = Debug|Any CPU
		{EA4545D6-86F4-44AD-B31D-552F3D83B15A}.Debug|iPhoneSimulator.Build.0 = Debug|Any CPU
		{EA4545D6-86F4-44AD-B31D-552F3D83B15A}.Debug|Win32.ActiveCfg = Debug|Any CPU
		{EA4545D6-86F4-44AD-B31D-552F3D83B15A}.Debug|Win32.Build.0 = Debug|Any CPU
		{EA4545D6-86F4-44AD-B31D-552F3D83B15A}.Debug|x64.ActiveCfg = Debug|Any CPU
		{EA4545D6-86F4-44AD-B31D-552F3D83B15A}.Debug|x64.Build.0 = Debug|Any CPU
		{EA4545D6-86F4-44AD-B31D-552F3D83B15A}.Debug|x86.ActiveCfg = Debug|Any CPU
		{EA4545D6-86F4-44AD-B31D-552F3D83B15A}.Debug|x86.Build.0 = Debug|Any CPU
		{EA4545D6-86F4-44AD-B31D-552F3D83B15A}.MinSizeRel|Any CPU.ActiveCfg = Release|Any CPU
		{EA4545D6-86F4-44AD-B31D-552F3D83B15A}.MinSizeRel|Any CPU.Build.0 = Release|Any CPU
		{EA4545D6-86F4-44AD-B31D-552F3D83B15A}.MinSizeRel|ARM.ActiveCfg = Release|Any CPU
		{EA4545D6-86F4-44AD-B31D-552F3D83B15A}.MinSizeRel|ARM.Build.0 = Release|Any CPU
		{EA4545D6-86F4-44AD-B31D-552F3D83B15A}.MinSizeRel|iPhone.ActiveCfg = Release|Any CPU
		{EA4545D6-86F4-44AD-B31D-552F3D83B15A}.MinSizeRel|iPhone.Build.0 = Release|Any CPU
		{EA4545D6-86F4-44AD-B31D-552F3D83B15A}.MinSizeRel|iPhoneSimulator.ActiveCfg = Release|Any CPU
		{EA4545D6-86F4-44AD-B31D-552F3D83B15A}.MinSizeRel|iPhoneSimulator.Build.0 = Release|Any CPU
		{EA4545D6-86F4-44AD-B31D-552F3D83B15A}.MinSizeRel|Win32.ActiveCfg = Release|Any CPU
		{EA4545D6-86F4-44AD-B31D-552F3D83B15A}.MinSizeRel|Win32.Build.0 = Release|Any CPU
		{EA4545D6-86F4-44AD-B31D-552F3D83B15A}.MinSizeRel|x64.ActiveCfg = Release|Any CPU
		{EA4545D6-86F4-44AD-B31D-552F3D83B15A}.MinSizeRel|x64.Build.0 = Release|Any CPU
		{EA4545D6-86F4-44AD-B31D-552F3D83B15A}.MinSizeRel|x86.ActiveCfg = Release|Any CPU
		{EA4545D6-86F4-44AD-B31D-552F3D83B15A}.MinSizeRel|x86.Build.0 = Release|Any CPU
		{EA4545D6-86F4-44AD-B31D-552F3D83B15A}.Release|Any CPU.ActiveCfg = Release|Any CPU
		{EA4545D6-86F4-44AD-B31D-552F3D83B15A}.Release|Any CPU.Build.0 = Release|Any CPU
		{EA4545D6-86F4-44AD-B31D-552F3D83B15A}.Release|ARM.ActiveCfg = Release|Any CPU
		{EA4545D6-86F4-44AD-B31D-552F3D83B15A}.Release|ARM.Build.0 = Release|Any CPU
		{EA4545D6-86F4-44AD-B31D-552F3D83B15A}.Release|iPhone.ActiveCfg = Release|Any CPU
		{EA4545D6-86F4-44AD-B31D-552F3D83B15A}.Release|iPhone.Build.0 = Release|Any CPU
		{EA4545D6-86F4-44AD-B31D-552F3D83B15A}.Release|iPhoneSimulator.ActiveCfg = Release|Any CPU
		{EA4545D6-86F4-44AD-B31D-552F3D83B15A}.Release|iPhoneSimulator.Build.0 = Release|Any CPU
		{EA4545D6-86F4-44AD-B31D-552F3D83B15A}.Release|Win32.ActiveCfg = Release|Any CPU
		{EA4545D6-86F4-44AD-B31D-552F3D83B15A}.Release|Win32.Build.0 = Release|Any CPU
		{EA4545D6-86F4-44AD-B31D-552F3D83B15A}.Release|x64.ActiveCfg = Release|Any CPU
		{EA4545D6-86F4-44AD-B31D-552F3D83B15A}.Release|x64.Build.0 = Release|Any CPU
		{EA4545D6-86F4-44AD-B31D-552F3D83B15A}.Release|x86.ActiveCfg = Release|Any CPU
		{EA4545D6-86F4-44AD-B31D-552F3D83B15A}.Release|x86.Build.0 = Release|Any CPU
		{EA4545D6-86F4-44AD-B31D-552F3D83B15A}.RelWithDebInfo|Any CPU.ActiveCfg = Release|Any CPU
		{EA4545D6-86F4-44AD-B31D-552F3D83B15A}.RelWithDebInfo|Any CPU.Build.0 = Release|Any CPU
		{EA4545D6-86F4-44AD-B31D-552F3D83B15A}.RelWithDebInfo|ARM.ActiveCfg = Release|Any CPU
		{EA4545D6-86F4-44AD-B31D-552F3D83B15A}.RelWithDebInfo|ARM.Build.0 = Release|Any CPU
		{EA4545D6-86F4-44AD-B31D-552F3D83B15A}.RelWithDebInfo|iPhone.ActiveCfg = Release|Any CPU
		{EA4545D6-86F4-44AD-B31D-552F3D83B15A}.RelWithDebInfo|iPhone.Build.0 = Release|Any CPU
		{EA4545D6-86F4-44AD-B31D-552F3D83B15A}.RelWithDebInfo|iPhoneSimulator.ActiveCfg = Release|Any CPU
		{EA4545D6-86F4-44AD-B31D-552F3D83B15A}.RelWithDebInfo|iPhoneSimulator.Build.0 = Release|Any CPU
		{EA4545D6-86F4-44AD-B31D-552F3D83B15A}.RelWithDebInfo|Win32.ActiveCfg = Release|Any CPU
		{EA4545D6-86F4-44AD-B31D-552F3D83B15A}.RelWithDebInfo|Win32.Build.0 = Release|Any CPU
		{EA4545D6-86F4-44AD-B31D-552F3D83B15A}.RelWithDebInfo|x64.ActiveCfg = Release|Any CPU
		{EA4545D6-86F4-44AD-B31D-552F3D83B15A}.RelWithDebInfo|x64.Build.0 = Release|Any CPU
		{EA4545D6-86F4-44AD-B31D-552F3D83B15A}.RelWithDebInfo|x86.ActiveCfg = Release|Any CPU
		{EA4545D6-86F4-44AD-B31D-552F3D83B15A}.RelWithDebInfo|x86.Build.0 = Release|Any CPU
		{9F866F25-E007-41F3-B99C-F99ABA151E83}.Ad-Hoc|Any CPU.ActiveCfg = Release|Any CPU
		{9F866F25-E007-41F3-B99C-F99ABA151E83}.Ad-Hoc|Any CPU.Build.0 = Release|Any CPU
		{9F866F25-E007-41F3-B99C-F99ABA151E83}.Ad-Hoc|ARM.ActiveCfg = Release|Any CPU
		{9F866F25-E007-41F3-B99C-F99ABA151E83}.Ad-Hoc|ARM.Build.0 = Release|Any CPU
		{9F866F25-E007-41F3-B99C-F99ABA151E83}.Ad-Hoc|iPhone.ActiveCfg = Release|Any CPU
		{9F866F25-E007-41F3-B99C-F99ABA151E83}.Ad-Hoc|iPhone.Build.0 = Release|Any CPU
		{9F866F25-E007-41F3-B99C-F99ABA151E83}.Ad-Hoc|iPhoneSimulator.ActiveCfg = Release|Any CPU
		{9F866F25-E007-41F3-B99C-F99ABA151E83}.Ad-Hoc|iPhoneSimulator.Build.0 = Release|Any CPU
		{9F866F25-E007-41F3-B99C-F99ABA151E83}.Ad-Hoc|Win32.ActiveCfg = Release|Any CPU
		{9F866F25-E007-41F3-B99C-F99ABA151E83}.Ad-Hoc|Win32.Build.0 = Release|Any CPU
		{9F866F25-E007-41F3-B99C-F99ABA151E83}.Ad-Hoc|x64.ActiveCfg = Release|Any CPU
		{9F866F25-E007-41F3-B99C-F99ABA151E83}.Ad-Hoc|x64.Build.0 = Release|Any CPU
		{9F866F25-E007-41F3-B99C-F99ABA151E83}.Ad-Hoc|x86.ActiveCfg = Release|Any CPU
		{9F866F25-E007-41F3-B99C-F99ABA151E83}.Ad-Hoc|x86.Build.0 = Release|Any CPU
		{9F866F25-E007-41F3-B99C-F99ABA151E83}.AppStore|Any CPU.ActiveCfg = Release|Any CPU
		{9F866F25-E007-41F3-B99C-F99ABA151E83}.AppStore|Any CPU.Build.0 = Release|Any CPU
		{9F866F25-E007-41F3-B99C-F99ABA151E83}.AppStore|ARM.ActiveCfg = Release|Any CPU
		{9F866F25-E007-41F3-B99C-F99ABA151E83}.AppStore|ARM.Build.0 = Release|Any CPU
		{9F866F25-E007-41F3-B99C-F99ABA151E83}.AppStore|iPhone.ActiveCfg = Release|Any CPU
		{9F866F25-E007-41F3-B99C-F99ABA151E83}.AppStore|iPhone.Build.0 = Release|Any CPU
		{9F866F25-E007-41F3-B99C-F99ABA151E83}.AppStore|iPhoneSimulator.ActiveCfg = Release|Any CPU
		{9F866F25-E007-41F3-B99C-F99ABA151E83}.AppStore|iPhoneSimulator.Build.0 = Release|Any CPU
		{9F866F25-E007-41F3-B99C-F99ABA151E83}.AppStore|Win32.ActiveCfg = Release|Any CPU
		{9F866F25-E007-41F3-B99C-F99ABA151E83}.AppStore|Win32.Build.0 = Release|Any CPU
		{9F866F25-E007-41F3-B99C-F99ABA151E83}.AppStore|x64.ActiveCfg = Release|Any CPU
		{9F866F25-E007-41F3-B99C-F99ABA151E83}.AppStore|x64.Build.0 = Release|Any CPU
		{9F866F25-E007-41F3-B99C-F99ABA151E83}.AppStore|x86.ActiveCfg = Release|Any CPU
		{9F866F25-E007-41F3-B99C-F99ABA151E83}.AppStore|x86.Build.0 = Release|Any CPU
		{9F866F25-E007-41F3-B99C-F99ABA151E83}.Debug|Any CPU.ActiveCfg = Debug|Any CPU
		{9F866F25-E007-41F3-B99C-F99ABA151E83}.Debug|Any CPU.Build.0 = Debug|Any CPU
		{9F866F25-E007-41F3-B99C-F99ABA151E83}.Debug|ARM.ActiveCfg = Debug|Any CPU
		{9F866F25-E007-41F3-B99C-F99ABA151E83}.Debug|ARM.Build.0 = Debug|Any CPU
		{9F866F25-E007-41F3-B99C-F99ABA151E83}.Debug|iPhone.ActiveCfg = Debug|Any CPU
		{9F866F25-E007-41F3-B99C-F99ABA151E83}.Debug|iPhone.Build.0 = Debug|Any CPU
		{9F866F25-E007-41F3-B99C-F99ABA151E83}.Debug|iPhoneSimulator.ActiveCfg = Debug|Any CPU
		{9F866F25-E007-41F3-B99C-F99ABA151E83}.Debug|iPhoneSimulator.Build.0 = Debug|Any CPU
		{9F866F25-E007-41F3-B99C-F99ABA151E83}.Debug|Win32.ActiveCfg = Debug|Any CPU
		{9F866F25-E007-41F3-B99C-F99ABA151E83}.Debug|Win32.Build.0 = Debug|Any CPU
		{9F866F25-E007-41F3-B99C-F99ABA151E83}.Debug|x64.ActiveCfg = Debug|Any CPU
		{9F866F25-E007-41F3-B99C-F99ABA151E83}.Debug|x64.Build.0 = Debug|Any CPU
		{9F866F25-E007-41F3-B99C-F99ABA151E83}.Debug|x86.ActiveCfg = Debug|Any CPU
		{9F866F25-E007-41F3-B99C-F99ABA151E83}.Debug|x86.Build.0 = Debug|Any CPU
		{9F866F25-E007-41F3-B99C-F99ABA151E83}.MinSizeRel|Any CPU.ActiveCfg = Release|Any CPU
		{9F866F25-E007-41F3-B99C-F99ABA151E83}.MinSizeRel|Any CPU.Build.0 = Release|Any CPU
		{9F866F25-E007-41F3-B99C-F99ABA151E83}.MinSizeRel|ARM.ActiveCfg = Release|Any CPU
		{9F866F25-E007-41F3-B99C-F99ABA151E83}.MinSizeRel|ARM.Build.0 = Release|Any CPU
		{9F866F25-E007-41F3-B99C-F99ABA151E83}.MinSizeRel|iPhone.ActiveCfg = Release|Any CPU
		{9F866F25-E007-41F3-B99C-F99ABA151E83}.MinSizeRel|iPhone.Build.0 = Release|Any CPU
		{9F866F25-E007-41F3-B99C-F99ABA151E83}.MinSizeRel|iPhoneSimulator.ActiveCfg = Release|Any CPU
		{9F866F25-E007-41F3-B99C-F99ABA151E83}.MinSizeRel|iPhoneSimulator.Build.0 = Release|Any CPU
		{9F866F25-E007-41F3-B99C-F99ABA151E83}.MinSizeRel|Win32.ActiveCfg = Release|Any CPU
		{9F866F25-E007-41F3-B99C-F99ABA151E83}.MinSizeRel|Win32.Build.0 = Release|Any CPU
		{9F866F25-E007-41F3-B99C-F99ABA151E83}.MinSizeRel|x64.ActiveCfg = Release|Any CPU
		{9F866F25-E007-41F3-B99C-F99ABA151E83}.MinSizeRel|x64.Build.0 = Release|Any CPU
		{9F866F25-E007-41F3-B99C-F99ABA151E83}.MinSizeRel|x86.ActiveCfg = Release|Any CPU
		{9F866F25-E007-41F3-B99C-F99ABA151E83}.MinSizeRel|x86.Build.0 = Release|Any CPU
		{9F866F25-E007-41F3-B99C-F99ABA151E83}.Release|Any CPU.ActiveCfg = Release|Any CPU
		{9F866F25-E007-41F3-B99C-F99ABA151E83}.Release|Any CPU.Build.0 = Release|Any CPU
		{9F866F25-E007-41F3-B99C-F99ABA151E83}.Release|ARM.ActiveCfg = Release|Any CPU
		{9F866F25-E007-41F3-B99C-F99ABA151E83}.Release|ARM.Build.0 = Release|Any CPU
		{9F866F25-E007-41F3-B99C-F99ABA151E83}.Release|iPhone.ActiveCfg = Release|Any CPU
		{9F866F25-E007-41F3-B99C-F99ABA151E83}.Release|iPhone.Build.0 = Release|Any CPU
		{9F866F25-E007-41F3-B99C-F99ABA151E83}.Release|iPhoneSimulator.ActiveCfg = Release|Any CPU
		{9F866F25-E007-41F3-B99C-F99ABA151E83}.Release|iPhoneSimulator.Build.0 = Release|Any CPU
		{9F866F25-E007-41F3-B99C-F99ABA151E83}.Release|Win32.ActiveCfg = Release|Any CPU
		{9F866F25-E007-41F3-B99C-F99ABA151E83}.Release|Win32.Build.0 = Release|Any CPU
		{9F866F25-E007-41F3-B99C-F99ABA151E83}.Release|x64.ActiveCfg = Release|Any CPU
		{9F866F25-E007-41F3-B99C-F99ABA151E83}.Release|x64.Build.0 = Release|Any CPU
		{9F866F25-E007-41F3-B99C-F99ABA151E83}.Release|x86.ActiveCfg = Release|Any CPU
		{9F866F25-E007-41F3-B99C-F99ABA151E83}.Release|x86.Build.0 = Release|Any CPU
		{9F866F25-E007-41F3-B99C-F99ABA151E83}.RelWithDebInfo|Any CPU.ActiveCfg = Release|Any CPU
		{9F866F25-E007-41F3-B99C-F99ABA151E83}.RelWithDebInfo|Any CPU.Build.0 = Release|Any CPU
		{9F866F25-E007-41F3-B99C-F99ABA151E83}.RelWithDebInfo|ARM.ActiveCfg = Release|Any CPU
		{9F866F25-E007-41F3-B99C-F99ABA151E83}.RelWithDebInfo|ARM.Build.0 = Release|Any CPU
		{9F866F25-E007-41F3-B99C-F99ABA151E83}.RelWithDebInfo|iPhone.ActiveCfg = Release|Any CPU
		{9F866F25-E007-41F3-B99C-F99ABA151E83}.RelWithDebInfo|iPhone.Build.0 = Release|Any CPU
		{9F866F25-E007-41F3-B99C-F99ABA151E83}.RelWithDebInfo|iPhoneSimulator.ActiveCfg = Release|Any CPU
		{9F866F25-E007-41F3-B99C-F99ABA151E83}.RelWithDebInfo|iPhoneSimulator.Build.0 = Release|Any CPU
		{9F866F25-E007-41F3-B99C-F99ABA151E83}.RelWithDebInfo|Win32.ActiveCfg = Release|Any CPU
		{9F866F25-E007-41F3-B99C-F99ABA151E83}.RelWithDebInfo|Win32.Build.0 = Release|Any CPU
		{9F866F25-E007-41F3-B99C-F99ABA151E83}.RelWithDebInfo|x64.ActiveCfg = Release|Any CPU
		{9F866F25-E007-41F3-B99C-F99ABA151E83}.RelWithDebInfo|x64.Build.0 = Release|Any CPU
		{9F866F25-E007-41F3-B99C-F99ABA151E83}.RelWithDebInfo|x86.ActiveCfg = Release|Any CPU
		{9F866F25-E007-41F3-B99C-F99ABA151E83}.RelWithDebInfo|x86.Build.0 = Release|Any CPU
		{19AECFCD-E8C4-435D-9EEF-1D233E32F0F6}.Ad-Hoc|Any CPU.ActiveCfg = Release|Any CPU
		{19AECFCD-E8C4-435D-9EEF-1D233E32F0F6}.Ad-Hoc|Any CPU.Build.0 = Release|Any CPU
		{19AECFCD-E8C4-435D-9EEF-1D233E32F0F6}.Ad-Hoc|ARM.ActiveCfg = Release|Any CPU
		{19AECFCD-E8C4-435D-9EEF-1D233E32F0F6}.Ad-Hoc|ARM.Build.0 = Release|Any CPU
		{19AECFCD-E8C4-435D-9EEF-1D233E32F0F6}.Ad-Hoc|iPhone.ActiveCfg = Release|Any CPU
		{19AECFCD-E8C4-435D-9EEF-1D233E32F0F6}.Ad-Hoc|iPhone.Build.0 = Release|Any CPU
		{19AECFCD-E8C4-435D-9EEF-1D233E32F0F6}.Ad-Hoc|iPhoneSimulator.ActiveCfg = Release|Any CPU
		{19AECFCD-E8C4-435D-9EEF-1D233E32F0F6}.Ad-Hoc|iPhoneSimulator.Build.0 = Release|Any CPU
		{19AECFCD-E8C4-435D-9EEF-1D233E32F0F6}.Ad-Hoc|Win32.ActiveCfg = Release|Any CPU
		{19AECFCD-E8C4-435D-9EEF-1D233E32F0F6}.Ad-Hoc|Win32.Build.0 = Release|Any CPU
		{19AECFCD-E8C4-435D-9EEF-1D233E32F0F6}.Ad-Hoc|x64.ActiveCfg = Release|Any CPU
		{19AECFCD-E8C4-435D-9EEF-1D233E32F0F6}.Ad-Hoc|x64.Build.0 = Release|Any CPU
		{19AECFCD-E8C4-435D-9EEF-1D233E32F0F6}.Ad-Hoc|x86.ActiveCfg = Release|Any CPU
		{19AECFCD-E8C4-435D-9EEF-1D233E32F0F6}.Ad-Hoc|x86.Build.0 = Release|Any CPU
		{19AECFCD-E8C4-435D-9EEF-1D233E32F0F6}.AppStore|Any CPU.ActiveCfg = Release|Any CPU
		{19AECFCD-E8C4-435D-9EEF-1D233E32F0F6}.AppStore|Any CPU.Build.0 = Release|Any CPU
		{19AECFCD-E8C4-435D-9EEF-1D233E32F0F6}.AppStore|ARM.ActiveCfg = Release|Any CPU
		{19AECFCD-E8C4-435D-9EEF-1D233E32F0F6}.AppStore|ARM.Build.0 = Release|Any CPU
		{19AECFCD-E8C4-435D-9EEF-1D233E32F0F6}.AppStore|iPhone.ActiveCfg = Release|Any CPU
		{19AECFCD-E8C4-435D-9EEF-1D233E32F0F6}.AppStore|iPhone.Build.0 = Release|Any CPU
		{19AECFCD-E8C4-435D-9EEF-1D233E32F0F6}.AppStore|iPhoneSimulator.ActiveCfg = Release|Any CPU
		{19AECFCD-E8C4-435D-9EEF-1D233E32F0F6}.AppStore|iPhoneSimulator.Build.0 = Release|Any CPU
		{19AECFCD-E8C4-435D-9EEF-1D233E32F0F6}.AppStore|Win32.ActiveCfg = Release|Any CPU
		{19AECFCD-E8C4-435D-9EEF-1D233E32F0F6}.AppStore|Win32.Build.0 = Release|Any CPU
		{19AECFCD-E8C4-435D-9EEF-1D233E32F0F6}.AppStore|x64.ActiveCfg = Release|Any CPU
		{19AECFCD-E8C4-435D-9EEF-1D233E32F0F6}.AppStore|x64.Build.0 = Release|Any CPU
		{19AECFCD-E8C4-435D-9EEF-1D233E32F0F6}.AppStore|x86.ActiveCfg = Release|Any CPU
		{19AECFCD-E8C4-435D-9EEF-1D233E32F0F6}.AppStore|x86.Build.0 = Release|Any CPU
		{19AECFCD-E8C4-435D-9EEF-1D233E32F0F6}.Debug|Any CPU.ActiveCfg = Debug|Any CPU
		{19AECFCD-E8C4-435D-9EEF-1D233E32F0F6}.Debug|Any CPU.Build.0 = Debug|Any CPU
		{19AECFCD-E8C4-435D-9EEF-1D233E32F0F6}.Debug|ARM.ActiveCfg = Debug|Any CPU
		{19AECFCD-E8C4-435D-9EEF-1D233E32F0F6}.Debug|ARM.Build.0 = Debug|Any CPU
		{19AECFCD-E8C4-435D-9EEF-1D233E32F0F6}.Debug|iPhone.ActiveCfg = Debug|Any CPU
		{19AECFCD-E8C4-435D-9EEF-1D233E32F0F6}.Debug|iPhone.Build.0 = Debug|Any CPU
		{19AECFCD-E8C4-435D-9EEF-1D233E32F0F6}.Debug|iPhoneSimulator.ActiveCfg = Debug|Any CPU
		{19AECFCD-E8C4-435D-9EEF-1D233E32F0F6}.Debug|iPhoneSimulator.Build.0 = Debug|Any CPU
		{19AECFCD-E8C4-435D-9EEF-1D233E32F0F6}.Debug|Win32.ActiveCfg = Debug|Any CPU
		{19AECFCD-E8C4-435D-9EEF-1D233E32F0F6}.Debug|Win32.Build.0 = Debug|Any CPU
		{19AECFCD-E8C4-435D-9EEF-1D233E32F0F6}.Debug|x64.ActiveCfg = Debug|Any CPU
		{19AECFCD-E8C4-435D-9EEF-1D233E32F0F6}.Debug|x64.Build.0 = Debug|Any CPU
		{19AECFCD-E8C4-435D-9EEF-1D233E32F0F6}.Debug|x86.ActiveCfg = Debug|Any CPU
		{19AECFCD-E8C4-435D-9EEF-1D233E32F0F6}.Debug|x86.Build.0 = Debug|Any CPU
		{19AECFCD-E8C4-435D-9EEF-1D233E32F0F6}.MinSizeRel|Any CPU.ActiveCfg = Release|Any CPU
		{19AECFCD-E8C4-435D-9EEF-1D233E32F0F6}.MinSizeRel|Any CPU.Build.0 = Release|Any CPU
		{19AECFCD-E8C4-435D-9EEF-1D233E32F0F6}.MinSizeRel|ARM.ActiveCfg = Release|Any CPU
		{19AECFCD-E8C4-435D-9EEF-1D233E32F0F6}.MinSizeRel|ARM.Build.0 = Release|Any CPU
		{19AECFCD-E8C4-435D-9EEF-1D233E32F0F6}.MinSizeRel|iPhone.ActiveCfg = Release|Any CPU
		{19AECFCD-E8C4-435D-9EEF-1D233E32F0F6}.MinSizeRel|iPhone.Build.0 = Release|Any CPU
		{19AECFCD-E8C4-435D-9EEF-1D233E32F0F6}.MinSizeRel|iPhoneSimulator.ActiveCfg = Release|Any CPU
		{19AECFCD-E8C4-435D-9EEF-1D233E32F0F6}.MinSizeRel|iPhoneSimulator.Build.0 = Release|Any CPU
		{19AECFCD-E8C4-435D-9EEF-1D233E32F0F6}.MinSizeRel|Win32.ActiveCfg = Release|Any CPU
		{19AECFCD-E8C4-435D-9EEF-1D233E32F0F6}.MinSizeRel|Win32.Build.0 = Release|Any CPU
		{19AECFCD-E8C4-435D-9EEF-1D233E32F0F6}.MinSizeRel|x64.ActiveCfg = Release|Any CPU
		{19AECFCD-E8C4-435D-9EEF-1D233E32F0F6}.MinSizeRel|x64.Build.0 = Release|Any CPU
		{19AECFCD-E8C4-435D-9EEF-1D233E32F0F6}.MinSizeRel|x86.ActiveCfg = Release|Any CPU
		{19AECFCD-E8C4-435D-9EEF-1D233E32F0F6}.MinSizeRel|x86.Build.0 = Release|Any CPU
		{19AECFCD-E8C4-435D-9EEF-1D233E32F0F6}.Release|Any CPU.ActiveCfg = Release|Any CPU
		{19AECFCD-E8C4-435D-9EEF-1D233E32F0F6}.Release|Any CPU.Build.0 = Release|Any CPU
		{19AECFCD-E8C4-435D-9EEF-1D233E32F0F6}.Release|ARM.ActiveCfg = Release|Any CPU
		{19AECFCD-E8C4-435D-9EEF-1D233E32F0F6}.Release|ARM.Build.0 = Release|Any CPU
		{19AECFCD-E8C4-435D-9EEF-1D233E32F0F6}.Release|iPhone.ActiveCfg = Release|Any CPU
		{19AECFCD-E8C4-435D-9EEF-1D233E32F0F6}.Release|iPhone.Build.0 = Release|Any CPU
		{19AECFCD-E8C4-435D-9EEF-1D233E32F0F6}.Release|iPhoneSimulator.ActiveCfg = Release|Any CPU
		{19AECFCD-E8C4-435D-9EEF-1D233E32F0F6}.Release|iPhoneSimulator.Build.0 = Release|Any CPU
		{19AECFCD-E8C4-435D-9EEF-1D233E32F0F6}.Release|Win32.ActiveCfg = Release|Any CPU
		{19AECFCD-E8C4-435D-9EEF-1D233E32F0F6}.Release|Win32.Build.0 = Release|Any CPU
		{19AECFCD-E8C4-435D-9EEF-1D233E32F0F6}.Release|x64.ActiveCfg = Release|Any CPU
		{19AECFCD-E8C4-435D-9EEF-1D233E32F0F6}.Release|x64.Build.0 = Release|Any CPU
		{19AECFCD-E8C4-435D-9EEF-1D233E32F0F6}.Release|x86.ActiveCfg = Release|Any CPU
		{19AECFCD-E8C4-435D-9EEF-1D233E32F0F6}.Release|x86.Build.0 = Release|Any CPU
		{19AECFCD-E8C4-435D-9EEF-1D233E32F0F6}.RelWithDebInfo|Any CPU.ActiveCfg = Release|Any CPU
		{19AECFCD-E8C4-435D-9EEF-1D233E32F0F6}.RelWithDebInfo|Any CPU.Build.0 = Release|Any CPU
		{19AECFCD-E8C4-435D-9EEF-1D233E32F0F6}.RelWithDebInfo|ARM.ActiveCfg = Release|Any CPU
		{19AECFCD-E8C4-435D-9EEF-1D233E32F0F6}.RelWithDebInfo|ARM.Build.0 = Release|Any CPU
		{19AECFCD-E8C4-435D-9EEF-1D233E32F0F6}.RelWithDebInfo|iPhone.ActiveCfg = Release|Any CPU
		{19AECFCD-E8C4-435D-9EEF-1D233E32F0F6}.RelWithDebInfo|iPhone.Build.0 = Release|Any CPU
		{19AECFCD-E8C4-435D-9EEF-1D233E32F0F6}.RelWithDebInfo|iPhoneSimulator.ActiveCfg = Release|Any CPU
		{19AECFCD-E8C4-435D-9EEF-1D233E32F0F6}.RelWithDebInfo|iPhoneSimulator.Build.0 = Release|Any CPU
		{19AECFCD-E8C4-435D-9EEF-1D233E32F0F6}.RelWithDebInfo|Win32.ActiveCfg = Release|Any CPU
		{19AECFCD-E8C4-435D-9EEF-1D233E32F0F6}.RelWithDebInfo|Win32.Build.0 = Release|Any CPU
		{19AECFCD-E8C4-435D-9EEF-1D233E32F0F6}.RelWithDebInfo|x64.ActiveCfg = Release|Any CPU
		{19AECFCD-E8C4-435D-9EEF-1D233E32F0F6}.RelWithDebInfo|x64.Build.0 = Release|Any CPU
		{19AECFCD-E8C4-435D-9EEF-1D233E32F0F6}.RelWithDebInfo|x86.ActiveCfg = Release|Any CPU
		{19AECFCD-E8C4-435D-9EEF-1D233E32F0F6}.RelWithDebInfo|x86.Build.0 = Release|Any CPU
		{FC8430ED-CBBC-4E83-8616-928E8A93CDB9}.Ad-Hoc|Any CPU.ActiveCfg = Release|Any CPU
		{FC8430ED-CBBC-4E83-8616-928E8A93CDB9}.Ad-Hoc|Any CPU.Build.0 = Release|Any CPU
		{FC8430ED-CBBC-4E83-8616-928E8A93CDB9}.Ad-Hoc|ARM.ActiveCfg = Release|Any CPU
		{FC8430ED-CBBC-4E83-8616-928E8A93CDB9}.Ad-Hoc|ARM.Build.0 = Release|Any CPU
		{FC8430ED-CBBC-4E83-8616-928E8A93CDB9}.Ad-Hoc|iPhone.ActiveCfg = Release|Any CPU
		{FC8430ED-CBBC-4E83-8616-928E8A93CDB9}.Ad-Hoc|iPhone.Build.0 = Release|Any CPU
		{FC8430ED-CBBC-4E83-8616-928E8A93CDB9}.Ad-Hoc|iPhoneSimulator.ActiveCfg = Release|Any CPU
		{FC8430ED-CBBC-4E83-8616-928E8A93CDB9}.Ad-Hoc|iPhoneSimulator.Build.0 = Release|Any CPU
		{FC8430ED-CBBC-4E83-8616-928E8A93CDB9}.Ad-Hoc|Win32.ActiveCfg = Release|Any CPU
		{FC8430ED-CBBC-4E83-8616-928E8A93CDB9}.Ad-Hoc|Win32.Build.0 = Release|Any CPU
		{FC8430ED-CBBC-4E83-8616-928E8A93CDB9}.Ad-Hoc|x64.ActiveCfg = Release|Any CPU
		{FC8430ED-CBBC-4E83-8616-928E8A93CDB9}.Ad-Hoc|x64.Build.0 = Release|Any CPU
		{FC8430ED-CBBC-4E83-8616-928E8A93CDB9}.Ad-Hoc|x86.ActiveCfg = Release|Any CPU
		{FC8430ED-CBBC-4E83-8616-928E8A93CDB9}.Ad-Hoc|x86.Build.0 = Release|Any CPU
		{FC8430ED-CBBC-4E83-8616-928E8A93CDB9}.AppStore|Any CPU.ActiveCfg = Release|Any CPU
		{FC8430ED-CBBC-4E83-8616-928E8A93CDB9}.AppStore|Any CPU.Build.0 = Release|Any CPU
		{FC8430ED-CBBC-4E83-8616-928E8A93CDB9}.AppStore|ARM.ActiveCfg = Release|Any CPU
		{FC8430ED-CBBC-4E83-8616-928E8A93CDB9}.AppStore|ARM.Build.0 = Release|Any CPU
		{FC8430ED-CBBC-4E83-8616-928E8A93CDB9}.AppStore|iPhone.ActiveCfg = Release|Any CPU
		{FC8430ED-CBBC-4E83-8616-928E8A93CDB9}.AppStore|iPhone.Build.0 = Release|Any CPU
		{FC8430ED-CBBC-4E83-8616-928E8A93CDB9}.AppStore|iPhoneSimulator.ActiveCfg = Release|Any CPU
		{FC8430ED-CBBC-4E83-8616-928E8A93CDB9}.AppStore|iPhoneSimulator.Build.0 = Release|Any CPU
		{FC8430ED-CBBC-4E83-8616-928E8A93CDB9}.AppStore|Win32.ActiveCfg = Release|Any CPU
		{FC8430ED-CBBC-4E83-8616-928E8A93CDB9}.AppStore|Win32.Build.0 = Release|Any CPU
		{FC8430ED-CBBC-4E83-8616-928E8A93CDB9}.AppStore|x64.ActiveCfg = Release|Any CPU
		{FC8430ED-CBBC-4E83-8616-928E8A93CDB9}.AppStore|x64.Build.0 = Release|Any CPU
		{FC8430ED-CBBC-4E83-8616-928E8A93CDB9}.AppStore|x86.ActiveCfg = Release|Any CPU
		{FC8430ED-CBBC-4E83-8616-928E8A93CDB9}.AppStore|x86.Build.0 = Release|Any CPU
		{FC8430ED-CBBC-4E83-8616-928E8A93CDB9}.Debug|Any CPU.ActiveCfg = Debug|Any CPU
		{FC8430ED-CBBC-4E83-8616-928E8A93CDB9}.Debug|Any CPU.Build.0 = Debug|Any CPU
		{FC8430ED-CBBC-4E83-8616-928E8A93CDB9}.Debug|ARM.ActiveCfg = Debug|Any CPU
		{FC8430ED-CBBC-4E83-8616-928E8A93CDB9}.Debug|ARM.Build.0 = Debug|Any CPU
		{FC8430ED-CBBC-4E83-8616-928E8A93CDB9}.Debug|iPhone.ActiveCfg = Debug|Any CPU
		{FC8430ED-CBBC-4E83-8616-928E8A93CDB9}.Debug|iPhone.Build.0 = Debug|Any CPU
		{FC8430ED-CBBC-4E83-8616-928E8A93CDB9}.Debug|iPhoneSimulator.ActiveCfg = Debug|Any CPU
		{FC8430ED-CBBC-4E83-8616-928E8A93CDB9}.Debug|iPhoneSimulator.Build.0 = Debug|Any CPU
		{FC8430ED-CBBC-4E83-8616-928E8A93CDB9}.Debug|Win32.ActiveCfg = Debug|Any CPU
		{FC8430ED-CBBC-4E83-8616-928E8A93CDB9}.Debug|Win32.Build.0 = Debug|Any CPU
		{FC8430ED-CBBC-4E83-8616-928E8A93CDB9}.Debug|x64.ActiveCfg = Debug|Any CPU
		{FC8430ED-CBBC-4E83-8616-928E8A93CDB9}.Debug|x64.Build.0 = Debug|Any CPU
		{FC8430ED-CBBC-4E83-8616-928E8A93CDB9}.Debug|x86.ActiveCfg = Debug|Any CPU
		{FC8430ED-CBBC-4E83-8616-928E8A93CDB9}.Debug|x86.Build.0 = Debug|Any CPU
		{FC8430ED-CBBC-4E83-8616-928E8A93CDB9}.MinSizeRel|Any CPU.ActiveCfg = Release|Any CPU
		{FC8430ED-CBBC-4E83-8616-928E8A93CDB9}.MinSizeRel|Any CPU.Build.0 = Release|Any CPU
		{FC8430ED-CBBC-4E83-8616-928E8A93CDB9}.MinSizeRel|ARM.ActiveCfg = Release|Any CPU
		{FC8430ED-CBBC-4E83-8616-928E8A93CDB9}.MinSizeRel|ARM.Build.0 = Release|Any CPU
		{FC8430ED-CBBC-4E83-8616-928E8A93CDB9}.MinSizeRel|iPhone.ActiveCfg = Release|Any CPU
		{FC8430ED-CBBC-4E83-8616-928E8A93CDB9}.MinSizeRel|iPhone.Build.0 = Release|Any CPU
		{FC8430ED-CBBC-4E83-8616-928E8A93CDB9}.MinSizeRel|iPhoneSimulator.ActiveCfg = Release|Any CPU
		{FC8430ED-CBBC-4E83-8616-928E8A93CDB9}.MinSizeRel|iPhoneSimulator.Build.0 = Release|Any CPU
		{FC8430ED-CBBC-4E83-8616-928E8A93CDB9}.MinSizeRel|Win32.ActiveCfg = Release|Any CPU
		{FC8430ED-CBBC-4E83-8616-928E8A93CDB9}.MinSizeRel|Win32.Build.0 = Release|Any CPU
		{FC8430ED-CBBC-4E83-8616-928E8A93CDB9}.MinSizeRel|x64.ActiveCfg = Release|Any CPU
		{FC8430ED-CBBC-4E83-8616-928E8A93CDB9}.MinSizeRel|x64.Build.0 = Release|Any CPU
		{FC8430ED-CBBC-4E83-8616-928E8A93CDB9}.MinSizeRel|x86.ActiveCfg = Release|Any CPU
		{FC8430ED-CBBC-4E83-8616-928E8A93CDB9}.MinSizeRel|x86.Build.0 = Release|Any CPU
		{FC8430ED-CBBC-4E83-8616-928E8A93CDB9}.Release|Any CPU.ActiveCfg = Release|Any CPU
		{FC8430ED-CBBC-4E83-8616-928E8A93CDB9}.Release|Any CPU.Build.0 = Release|Any CPU
		{FC8430ED-CBBC-4E83-8616-928E8A93CDB9}.Release|ARM.ActiveCfg = Release|Any CPU
		{FC8430ED-CBBC-4E83-8616-928E8A93CDB9}.Release|ARM.Build.0 = Release|Any CPU
		{FC8430ED-CBBC-4E83-8616-928E8A93CDB9}.Release|iPhone.ActiveCfg = Release|Any CPU
		{FC8430ED-CBBC-4E83-8616-928E8A93CDB9}.Release|iPhone.Build.0 = Release|Any CPU
		{FC8430ED-CBBC-4E83-8616-928E8A93CDB9}.Release|iPhoneSimulator.ActiveCfg = Release|Any CPU
		{FC8430ED-CBBC-4E83-8616-928E8A93CDB9}.Release|iPhoneSimulator.Build.0 = Release|Any CPU
		{FC8430ED-CBBC-4E83-8616-928E8A93CDB9}.Release|Win32.ActiveCfg = Release|Any CPU
		{FC8430ED-CBBC-4E83-8616-928E8A93CDB9}.Release|Win32.Build.0 = Release|Any CPU
		{FC8430ED-CBBC-4E83-8616-928E8A93CDB9}.Release|x64.ActiveCfg = Release|Any CPU
		{FC8430ED-CBBC-4E83-8616-928E8A93CDB9}.Release|x64.Build.0 = Release|Any CPU
		{FC8430ED-CBBC-4E83-8616-928E8A93CDB9}.Release|x86.ActiveCfg = Release|Any CPU
		{FC8430ED-CBBC-4E83-8616-928E8A93CDB9}.Release|x86.Build.0 = Release|Any CPU
		{FC8430ED-CBBC-4E83-8616-928E8A93CDB9}.RelWithDebInfo|Any CPU.ActiveCfg = Release|Any CPU
		{FC8430ED-CBBC-4E83-8616-928E8A93CDB9}.RelWithDebInfo|Any CPU.Build.0 = Release|Any CPU
		{FC8430ED-CBBC-4E83-8616-928E8A93CDB9}.RelWithDebInfo|ARM.ActiveCfg = Release|Any CPU
		{FC8430ED-CBBC-4E83-8616-928E8A93CDB9}.RelWithDebInfo|ARM.Build.0 = Release|Any CPU
		{FC8430ED-CBBC-4E83-8616-928E8A93CDB9}.RelWithDebInfo|iPhone.ActiveCfg = Release|Any CPU
		{FC8430ED-CBBC-4E83-8616-928E8A93CDB9}.RelWithDebInfo|iPhone.Build.0 = Release|Any CPU
		{FC8430ED-CBBC-4E83-8616-928E8A93CDB9}.RelWithDebInfo|iPhoneSimulator.ActiveCfg = Release|Any CPU
		{FC8430ED-CBBC-4E83-8616-928E8A93CDB9}.RelWithDebInfo|iPhoneSimulator.Build.0 = Release|Any CPU
		{FC8430ED-CBBC-4E83-8616-928E8A93CDB9}.RelWithDebInfo|Win32.ActiveCfg = Release|Any CPU
		{FC8430ED-CBBC-4E83-8616-928E8A93CDB9}.RelWithDebInfo|Win32.Build.0 = Release|Any CPU
		{FC8430ED-CBBC-4E83-8616-928E8A93CDB9}.RelWithDebInfo|x64.ActiveCfg = Release|Any CPU
		{FC8430ED-CBBC-4E83-8616-928E8A93CDB9}.RelWithDebInfo|x64.Build.0 = Release|Any CPU
		{FC8430ED-CBBC-4E83-8616-928E8A93CDB9}.RelWithDebInfo|x86.ActiveCfg = Release|Any CPU
		{FC8430ED-CBBC-4E83-8616-928E8A93CDB9}.RelWithDebInfo|x86.Build.0 = Release|Any CPU
	EndGlobalSection
	GlobalSection(SolutionProperties) = preSolution
		HideSolutionNode = FALSE
	EndGlobalSection
	GlobalSection(ExtensibilityGlobals) = postSolution
		SolutionGuid = {F76D1C6A-6064-4AAB-874F-FA028CD4A249}
	EndGlobalSection
EndGlobal
